
Microsoft Visual Studio Solution File, Format Version 12.00
# Visual Studio Version 16
VisualStudioVersion = 16.0.29709.97
MinimumVisualStudioVersion = 10.0.40219.1
Project("{FAE04EC0-301F-11D3-BF4B-00C04F79EFBC}") = "HiperStream", "HiperStream\HiperStream.csproj", "{BD89203C-C8C0-417F-AF74-7FF912143B48}"
EndProject
Global
	GlobalSection(SolutionConfigurationPlatforms) = preSolution
		Debug|Any CPU = Debug|Any CPU
		Release|Any CPU = Release|Any CPU
	EndGlobalSection
	GlobalSection(ProjectConfigurationPlatforms) = postSolution
		{BD89203C-C8C0-417F-AF74-7FF912143B48}.Debug|Any CPU.ActiveCfg = Debug|Any CPU
		{BD89203C-C8C0-417F-AF74-7FF912143B48}.Debug|Any CPU.Build.0 = Debug|Any CPU
		{BD89203C-C8C0-417F-AF74-7FF912143B48}.Release|Any CPU.ActiveCfg = Release|Any CPU
		{BD89203C-C8C0-417F-AF74-7FF912143B48}.Release|Any CPU.Build.0 = Release|Any CPU
	EndGlobalSection
	GlobalSection(SolutionProperties) = preSolution
		HideSolutionNode = FALSE
	EndGlobalSection
	GlobalSection(ExtensibilityGlobals) = postSolution
		SolutionGuid = {86E22F24-FC84-443B-81C4-63D4DA822589}
	EndGlobalSection
EndGlobal
